// !$*UTF8*$!
{
	archiveVersion = 1;
	classes = {
	};
	objectVersion = 55;
	objects = {

/* Begin PBXBuildFile section */
		2626BD232903D064001F1B0A /* main.swift in Sources */ = {isa = PBXBuildFile; fileRef = 2626BD222903D064001F1B0A /* main.swift */; };
		2626BD2B2903F3D7001F1B0A /* Root.swift in Sources */ = {isa = PBXBuildFile; fileRef = 2626BD2A2903F3D7001F1B0A /* Root.swift */; };
		2626BD2D2903F520001F1B0A /* PBXAggregateTarget.swift in Sources */ = {isa = PBXBuildFile; fileRef = 2626BD2C2903F520001F1B0A /* PBXAggregateTarget.swift */; };
		2626BD2F29051ECB001F1B0A /* PBXBuildFile.swift in Sources */ = {isa = PBXBuildFile; fileRef = 2626BD2E29051ECB001F1B0A /* PBXBuildFile.swift */; };
		2626BD3129051EE6001F1B0A /* PBXBuildPhase.swift in Sources */ = {isa = PBXBuildFile; fileRef = 2626BD3029051EE6001F1B0A /* PBXBuildPhase.swift */; };
		2626BD3329051F07001F1B0A /* PBXAppleScriptBuildPhase.swift in Sources */ = {isa = PBXBuildFile; fileRef = 2626BD3229051F07001F1B0A /* PBXAppleScriptBuildPhase.swift */; };
		2626BD3529051F20001F1B0A /* PBXCopyFilesBuildPhase.swift in Sources */ = {isa = PBXBuildFile; fileRef = 2626BD3429051F20001F1B0A /* PBXCopyFilesBuildPhase.swift */; };
		2626BD3729051F40001F1B0A /* PBXFrameworksBuildPhase.swift in Sources */ = {isa = PBXBuildFile; fileRef = 2626BD3629051F40001F1B0A /* PBXFrameworksBuildPhase.swift */; };
		2626BD3929051F6C001F1B0A /* PBXHeadersBuildPhase.swift in Sources */ = {isa = PBXBuildFile; fileRef = 2626BD3829051F6C001F1B0A /* PBXHeadersBuildPhase.swift */; };
		2626BD3B29051F86001F1B0A /* PBXResourcesBuildPhase.swift in Sources */ = {isa = PBXBuildFile; fileRef = 2626BD3A29051F86001F1B0A /* PBXResourcesBuildPhase.swift */; };
		2626BD3D29051FA3001F1B0A /* PBXShellScriptBuildPhase.swift in Sources */ = {isa = PBXBuildFile; fileRef = 2626BD3C29051FA3001F1B0A /* PBXShellScriptBuildPhase.swift */; };
		2626BD3F29051FE4001F1B0A /* PBXSourcesBuildPhase.swift in Sources */ = {isa = PBXBuildFile; fileRef = 2626BD3E29051FE4001F1B0A /* PBXSourcesBuildPhase.swift */; };
		2626BD4129052032001F1B0A /* PBXContainerItemProxy.swift in Sources */ = {isa = PBXBuildFile; fileRef = 2626BD4029052032001F1B0A /* PBXContainerItemProxy.swift */; };
		2626BD4329052054001F1B0A /* PBXFileElement.swift in Sources */ = {isa = PBXBuildFile; fileRef = 2626BD4229052054001F1B0A /* PBXFileElement.swift */; };
		2626BD4529052080001F1B0A /* PBXFileReference.swift in Sources */ = {isa = PBXBuildFile; fileRef = 2626BD4429052080001F1B0A /* PBXFileReference.swift */; };
		2626BD472905209E001F1B0A /* PBXGroup.swift in Sources */ = {isa = PBXBuildFile; fileRef = 2626BD462905209E001F1B0A /* PBXGroup.swift */; };
		2626BD49290520F5001F1B0A /* PBXVariantGroup.swift in Sources */ = {isa = PBXBuildFile; fileRef = 2626BD48290520F5001F1B0A /* PBXVariantGroup.swift */; };
		2626BD4B29052112001F1B0A /* PBXTarget.swift in Sources */ = {isa = PBXBuildFile; fileRef = 2626BD4A29052112001F1B0A /* PBXTarget.swift */; };
		2626BD4D29052159001F1B0A /* PBXLegacyTarget.swift in Sources */ = {isa = PBXBuildFile; fileRef = 2626BD4C29052159001F1B0A /* PBXLegacyTarget.swift */; };
		2626BD4F290521C8001F1B0A /* PBXNativeTarget.swift in Sources */ = {isa = PBXBuildFile; fileRef = 2626BD4E290521C8001F1B0A /* PBXNativeTarget.swift */; };
		2626BD5129052271001F1B0A /* PBXProject.swift in Sources */ = {isa = PBXBuildFile; fileRef = 2626BD5029052271001F1B0A /* PBXProject.swift */; };
		2626BD5329052288001F1B0A /* PBXTargetDependency.swift in Sources */ = {isa = PBXBuildFile; fileRef = 2626BD5229052288001F1B0A /* PBXTargetDependency.swift */; };
		2626BD5529052310001F1B0A /* XCBuildConfiguration.swift in Sources */ = {isa = PBXBuildFile; fileRef = 2626BD5429052310001F1B0A /* XCBuildConfiguration.swift */; };
		2626BD5729052327001F1B0A /* XCConfigurationList.swift in Sources */ = {isa = PBXBuildFile; fileRef = 2626BD5629052327001F1B0A /* XCConfigurationList.swift */; };
/* End PBXBuildFile section */

/* Begin PBXCopyFilesBuildPhase section */
		2626BD1D2903D064001F1B0A /* CopyFiles */ = {
			isa = PBXCopyFilesBuildPhase;
			buildActionMask = 2147483647;
			dstPath = /usr/share/man/man1/;
			dstSubfolderSpec = 0;
			files = (
			);
			runOnlyForDeploymentPostprocessing = 1;
		};
/* End PBXCopyFilesBuildPhase section */

/* Begin PBXFileReference section */
		2626BD1F2903D064001F1B0A /* XcodeProjectAnalyzer */ = {isa = PBXFileReference; explicitFileType = "compiled.mach-o.executable"; includeInIndex = 0; path = XcodeProjectAnalyzer; sourceTree = BUILT_PRODUCTS_DIR; };
		2626BD222903D064001F1B0A /* main.swift */ = {isa = PBXFileReference; lastKnownFileType = sourcecode.swift; path = main.swift; sourceTree = "<group>"; };
		2626BD2A2903F3D7001F1B0A /* Root.swift */ = {isa = PBXFileReference; lastKnownFileType = sourcecode.swift; path = Root.swift; sourceTree = "<group>"; };
		2626BD2C2903F520001F1B0A /* PBXAggregateTarget.swift */ = {isa = PBXFileReference; lastKnownFileType = sourcecode.swift; path = PBXAggregateTarget.swift; sourceTree = "<group>"; };
		2626BD2E29051ECB001F1B0A /* PBXBuildFile.swift */ = {isa = PBXFileReference; lastKnownFileType = sourcecode.swift; path = PBXBuildFile.swift; sourceTree = "<group>"; };
		2626BD3029051EE6001F1B0A /* PBXBuildPhase.swift */ = {isa = PBXFileReference; lastKnownFileType = sourcecode.swift; path = PBXBuildPhase.swift; sourceTree = "<group>"; };
		2626BD3229051F07001F1B0A /* PBXAppleScriptBuildPhase.swift */ = {isa = PBXFileReference; lastKnownFileType = sourcecode.swift; path = PBXAppleScriptBuildPhase.swift; sourceTree = "<group>"; };
		2626BD3429051F20001F1B0A /* PBXCopyFilesBuildPhase.swift */ = {isa = PBXFileReference; lastKnownFileType = sourcecode.swift; path = PBXCopyFilesBuildPhase.swift; sourceTree = "<group>"; };
		2626BD3629051F40001F1B0A /* PBXFrameworksBuildPhase.swift */ = {isa = PBXFileReference; lastKnownFileType = sourcecode.swift; path = PBXFrameworksBuildPhase.swift; sourceTree = "<group>"; };
		2626BD3829051F6C001F1B0A /* PBXHeadersBuildPhase.swift */ = {isa = PBXFileReference; lastKnownFileType = sourcecode.swift; path = PBXHeadersBuildPhase.swift; sourceTree = "<group>"; };
		2626BD3A29051F86001F1B0A /* PBXResourcesBuildPhase.swift */ = {isa = PBXFileReference; lastKnownFileType = sourcecode.swift; path = PBXResourcesBuildPhase.swift; sourceTree = "<group>"; };
		2626BD3C29051FA3001F1B0A /* PBXShellScriptBuildPhase.swift */ = {isa = PBXFileReference; lastKnownFileType = sourcecode.swift; path = PBXShellScriptBuildPhase.swift; sourceTree = "<group>"; };
		2626BD3E29051FE4001F1B0A /* PBXSourcesBuildPhase.swift */ = {isa = PBXFileReference; lastKnownFileType = sourcecode.swift; path = PBXSourcesBuildPhase.swift; sourceTree = "<group>"; };
		2626BD4029052032001F1B0A /* PBXContainerItemProxy.swift */ = {isa = PBXFileReference; lastKnownFileType = sourcecode.swift; path = PBXContainerItemProxy.swift; sourceTree = "<group>"; };
		2626BD4229052054001F1B0A /* PBXFileElement.swift */ = {isa = PBXFileReference; lastKnownFileType = sourcecode.swift; path = PBXFileElement.swift; sourceTree = "<group>"; };
		2626BD4429052080001F1B0A /* PBXFileReference.swift */ = {isa = PBXFileReference; lastKnownFileType = sourcecode.swift; path = PBXFileReference.swift; sourceTree = "<group>"; };
		2626BD462905209E001F1B0A /* PBXGroup.swift */ = {isa = PBXFileReference; lastKnownFileType = sourcecode.swift; path = PBXGroup.swift; sourceTree = "<group>"; };
		2626BD48290520F5001F1B0A /* PBXVariantGroup.swift */ = {isa = PBXFileReference; lastKnownFileType = sourcecode.swift; path = PBXVariantGroup.swift; sourceTree = "<group>"; };
		2626BD4A29052112001F1B0A /* PBXTarget.swift */ = {isa = PBXFileReference; lastKnownFileType = sourcecode.swift; path = PBXTarget.swift; sourceTree = "<group>"; };
		2626BD4C29052159001F1B0A /* PBXLegacyTarget.swift */ = {isa = PBXFileReference; lastKnownFileType = sourcecode.swift; path = PBXLegacyTarget.swift; sourceTree = "<group>"; };
		2626BD4E290521C8001F1B0A /* PBXNativeTarget.swift */ = {isa = PBXFileReference; lastKnownFileType = sourcecode.swift; path = PBXNativeTarget.swift; sourceTree = "<group>"; };
		2626BD5029052271001F1B0A /* PBXProject.swift */ = {isa = PBXFileReference; lastKnownFileType = sourcecode.swift; path = PBXProject.swift; sourceTree = "<group>"; };
		2626BD5229052288001F1B0A /* PBXTargetDependency.swift */ = {isa = PBXFileReference; lastKnownFileType = sourcecode.swift; path = PBXTargetDependency.swift; sourceTree = "<group>"; };
		2626BD5429052310001F1B0A /* XCBuildConfiguration.swift */ = {isa = PBXFileReference; lastKnownFileType = sourcecode.swift; path = XCBuildConfiguration.swift; sourceTree = "<group>"; };
		2626BD5629052327001F1B0A /* XCConfigurationList.swift */ = {isa = PBXFileReference; lastKnownFileType = sourcecode.swift; path = XCConfigurationList.swift; sourceTree = "<group>"; };
/* End PBXFileReference section */

/* Begin PBXFrameworksBuildPhase section */
		2626BD1C2903D064001F1B0A /* Frameworks */ = {
			isa = PBXFrameworksBuildPhase;
			buildActionMask = 2147483647;
			files = (
			);
			runOnlyForDeploymentPostprocessing = 0;
		};
/* End PBXFrameworksBuildPhase section */

/* Begin PBXGroup section */
		2626BD162903D064001F1B0A = {
			isa = PBXGroup;
			children = (
				2626BD212903D064001F1B0A /* XcodeProjectAnalyzer */,
				2626BD202903D064001F1B0A /* Products */,
			);
			sourceTree = "<group>";
		};
		2626BD202903D064001F1B0A /* Products */ = {
			isa = PBXGroup;
			children = (
				2626BD1F2903D064001F1B0A /* XcodeProjectAnalyzer */,
			);
			name = Products;
			sourceTree = "<group>";
		};
		2626BD212903D064001F1B0A /* XcodeProjectAnalyzer */ = {
			isa = PBXGroup;
			children = (
				2626BD292903F3A2001F1B0A /* Model */,
				2626BD222903D064001F1B0A /* main.swift */,
			);
			path = XcodeProjectAnalyzer;
			sourceTree = "<group>";
		};
		2626BD292903F3A2001F1B0A /* Model */ = {
			isa = PBXGroup;
			children = (
				2626BD2A2903F3D7001F1B0A /* Root.swift */,
				2626BD2C2903F520001F1B0A /* PBXAggregateTarget.swift */,
				2626BD2E29051ECB001F1B0A /* PBXBuildFile.swift */,
				2626BD3029051EE6001F1B0A /* PBXBuildPhase.swift */,
				2626BD3229051F07001F1B0A /* PBXAppleScriptBuildPhase.swift */,
				2626BD3429051F20001F1B0A /* PBXCopyFilesBuildPhase.swift */,
				2626BD3629051F40001F1B0A /* PBXFrameworksBuildPhase.swift */,
				2626BD3829051F6C001F1B0A /* PBXHeadersBuildPhase.swift */,
				2626BD3A29051F86001F1B0A /* PBXResourcesBuildPhase.swift */,
				2626BD3C29051FA3001F1B0A /* PBXShellScriptBuildPhase.swift */,
				2626BD3E29051FE4001F1B0A /* PBXSourcesBuildPhase.swift */,
				2626BD4029052032001F1B0A /* PBXContainerItemProxy.swift */,
				2626BD4229052054001F1B0A /* PBXFileElement.swift */,
				2626BD4429052080001F1B0A /* PBXFileReference.swift */,
				2626BD462905209E001F1B0A /* PBXGroup.swift */,
				2626BD48290520F5001F1B0A /* PBXVariantGroup.swift */,
				2626BD4A29052112001F1B0A /* PBXTarget.swift */,
				2626BD4C29052159001F1B0A /* PBXLegacyTarget.swift */,
				2626BD4E290521C8001F1B0A /* PBXNativeTarget.swift */,
				2626BD5029052271001F1B0A /* PBXProject.swift */,
				2626BD5229052288001F1B0A /* PBXTargetDependency.swift */,
				2626BD5429052310001F1B0A /* XCBuildConfiguration.swift */,
				2626BD5629052327001F1B0A /* XCConfigurationList.swift */,
			);
			path = Model;
			sourceTree = "<group>";
		};
/* End PBXGroup section */

/* Begin PBXNativeTarget section */
		2626BD1E2903D064001F1B0A /* XcodeProjectAnalyzer */ = {
			isa = PBXNativeTarget;
			buildConfigurationList = 2626BD262903D064001F1B0A /* Build configuration list for PBXNativeTarget "XcodeProjectAnalyzer" */;
			buildPhases = (
				2626BD1B2903D064001F1B0A /* Sources */,
				2626BD1C2903D064001F1B0A /* Frameworks */,
				2626BD1D2903D064001F1B0A /* CopyFiles */,
			);
			buildRules = (
			);
			dependencies = (
			);
			name = XcodeProjectAnalyzer;
			productName = XcodeProjectAnalyzer;
			productReference = 2626BD1F2903D064001F1B0A /* XcodeProjectAnalyzer */;
			productType = "com.apple.product-type.tool";
		};
/* End PBXNativeTarget section */

/* Begin PBXProject section */
		2626BD172903D064001F1B0A /* Project object */ = {
			isa = PBXProject;
			attributes = {
				BuildIndependentTargetsInParallel = 1;
				LastSwiftUpdateCheck = 1340;
				LastUpgradeCheck = 1340;
				TargetAttributes = {
					2626BD1E2903D064001F1B0A = {
						CreatedOnToolsVersion = 13.4.1;
					};
				};
			};
			buildConfigurationList = 2626BD1A2903D064001F1B0A /* Build configuration list for PBXProject "XcodeProjectAnalyzer" */;
			compatibilityVersion = "Xcode 13.0";
			developmentRegion = en;
			hasScannedForEncodings = 0;
			knownRegions = (
				en,
				Base,
			);
			mainGroup = 2626BD162903D064001F1B0A;
			productRefGroup = 2626BD202903D064001F1B0A /* Products */;
			projectDirPath = "";
			projectRoot = "";
			targets = (
				2626BD1E2903D064001F1B0A /* XcodeProjectAnalyzer */,
			);
		};
/* End PBXProject section */

/* Begin PBXSourcesBuildPhase section */
		2626BD1B2903D064001F1B0A /* Sources */ = {
			isa = PBXSourcesBuildPhase;
			buildActionMask = 2147483647;
			files = (
				2626BD4F290521C8001F1B0A /* PBXNativeTarget.swift in Sources */,
				2626BD472905209E001F1B0A /* PBXGroup.swift in Sources */,
				2626BD4B29052112001F1B0A /* PBXTarget.swift in Sources */,
				2626BD5129052271001F1B0A /* PBXProject.swift in Sources */,
				2626BD3F29051FE4001F1B0A /* PBXSourcesBuildPhase.swift in Sources */,
				2626BD2D2903F520001F1B0A /* PBXAggregateTarget.swift in Sources */,
				2626BD5329052288001F1B0A /* PBXTargetDependency.swift in Sources */,
				2626BD3D29051FA3001F1B0A /* PBXShellScriptBuildPhase.swift in Sources */,
				2626BD232903D064001F1B0A /* main.swift in Sources */,
				2626BD2B2903F3D7001F1B0A /* Root.swift in Sources */,
				2626BD4D29052159001F1B0A /* PBXLegacyTarget.swift in Sources */,
				2626BD5729052327001F1B0A /* XCConfigurationList.swift in Sources */,
				2626BD4329052054001F1B0A /* PBXFileElement.swift in Sources */,
				2626BD49290520F5001F1B0A /* PBXVariantGroup.swift in Sources */,
				2626BD3929051F6C001F1B0A /* PBXHeadersBuildPhase.swift in Sources */,
				2626BD3329051F07001F1B0A /* PBXAppleScriptBuildPhase.swift in Sources */,
				2626BD3B29051F86001F1B0A /* PBXResourcesBuildPhase.swift in Sources */,
				2626BD3729051F40001F1B0A /* PBXFrameworksBuildPhase.swift in Sources */,
				2626BD4129052032001F1B0A /* PBXContainerItemProxy.swift in Sources */,
				2626BD5529052310001F1B0A /* XCBuildConfiguration.swift in Sources */,
				2626BD4529052080001F1B0A /* PBXFileReference.swift in Sources */,
				2626BD2F29051ECB001F1B0A /* PBXBuildFile.swift in Sources */,
				2626BD3529051F20001F1B0A /* PBXCopyFilesBuildPhase.swift in Sources */,
				2626BD3129051EE6001F1B0A /* PBXBuildPhase.swift in Sources */,
			);
			runOnlyForDeploymentPostprocessing = 0;
		};
/* End PBXSourcesBuildPhase section */

/* Begin XCBuildConfiguration section */
		2626BD242903D064001F1B0A /* Debug */ = {
			isa = XCBuildConfiguration;
			buildSettings = {
				ALWAYS_SEARCH_USER_PATHS = NO;
				CLANG_ANALYZER_NONNULL = YES;
				CLANG_ANALYZER_NUMBER_OBJECT_CONVERSION = YES_AGGRESSIVE;
				CLANG_CXX_LANGUAGE_STANDARD = "gnu++17";
				CLANG_ENABLE_MODULES = YES;
				CLANG_ENABLE_OBJC_ARC = YES;
				CLANG_ENABLE_OBJC_WEAK = YES;
				CLANG_WARN_BLOCK_CAPTURE_AUTORELEASING = YES;
				CLANG_WARN_BOOL_CONVERSION = YES;
				CLANG_WARN_COMMA = YES;
				CLANG_WARN_CONSTANT_CONVERSION = YES;
				CLANG_WARN_DEPRECATED_OBJC_IMPLEMENTATIONS = YES;
				CLANG_WARN_DIRECT_OBJC_ISA_USAGE = YES_ERROR;
				CLANG_WARN_DOCUMENTATION_COMMENTS = YES;
				CLANG_WARN_EMPTY_BODY = YES;
				CLANG_WARN_ENUM_CONVERSION = YES;
				CLANG_WARN_INFINITE_RECURSION = YES;
				CLANG_WARN_INT_CONVERSION = YES;
				CLANG_WARN_NON_LITERAL_NULL_CONVERSION = YES;
				CLANG_WARN_OBJC_IMPLICIT_RETAIN_SELF = YES;
				CLANG_WARN_OBJC_LITERAL_CONVERSION = YES;
				CLANG_WARN_OBJC_ROOT_CLASS = YES_ERROR;
				CLANG_WARN_QUOTED_INCLUDE_IN_FRAMEWORK_HEADER = YES;
				CLANG_WARN_RANGE_LOOP_ANALYSIS = YES;
				CLANG_WARN_STRICT_PROTOTYPES = YES;
				CLANG_WARN_SUSPICIOUS_MOVE = YES;
				CLANG_WARN_UNGUARDED_AVAILABILITY = YES_AGGRESSIVE;
				CLANG_WARN_UNREACHABLE_CODE = YES;
				CLANG_WARN__DUPLICATE_METHOD_MATCH = YES;
				COPY_PHASE_STRIP = NO;
				DEBUG_INFORMATION_FORMAT = dwarf;
				ENABLE_STRICT_OBJC_MSGSEND = YES;
				ENABLE_TESTABILITY = YES;
				GCC_C_LANGUAGE_STANDARD = gnu11;
				GCC_DYNAMIC_NO_PIC = NO;
				GCC_NO_COMMON_BLOCKS = YES;
				GCC_OPTIMIZATION_LEVEL = 0;
				GCC_PREPROCESSOR_DEFINITIONS = (
					"DEBUG=1",
					"$(inherited)",
				);
				GCC_WARN_64_TO_32_BIT_CONVERSION = YES;
				GCC_WARN_ABOUT_RETURN_TYPE = YES_ERROR;
				GCC_WARN_UNDECLARED_SELECTOR = YES;
				GCC_WARN_UNINITIALIZED_AUTOS = YES_AGGRESSIVE;
				GCC_WARN_UNUSED_FUNCTION = YES;
				GCC_WARN_UNUSED_VARIABLE = YES;
				MACOSX_DEPLOYMENT_TARGET = 12.3;
				MTL_ENABLE_DEBUG_INFO = INCLUDE_SOURCE;
				MTL_FAST_MATH = YES;
				ONLY_ACTIVE_ARCH = YES;
				SDKROOT = macosx;
				SWIFT_ACTIVE_COMPILATION_CONDITIONS = DEBUG;
				SWIFT_OPTIMIZATION_LEVEL = "-Onone";
			};
			name = Debug;
		};
		2626BD252903D064001F1B0A /* Release */ = {
			isa = XCBuildConfiguration;
			buildSettings = {
				ALWAYS_SEARCH_USER_PATHS = NO;
				CLANG_ANALYZER_NONNULL = YES;
				CLANG_ANALYZER_NUMBER_OBJECT_CONVERSION = YES_AGGRESSIVE;
				CLANG_CXX_LANGUAGE_STANDARD = "gnu++17";
				CLANG_ENABLE_MODULES = YES;
				CLANG_ENABLE_OBJC_ARC = YES;
				CLANG_ENABLE_OBJC_WEAK = YES;
				CLANG_WARN_BLOCK_CAPTURE_AUTORELEASING = YES;
				CLANG_WARN_BOOL_CONVERSION = YES;
				CLANG_WARN_COMMA = YES;
				CLANG_WARN_CONSTANT_CONVERSION = YES;
				CLANG_WARN_DEPRECATED_OBJC_IMPLEMENTATIONS = YES;
				CLANG_WARN_DIRECT_OBJC_ISA_USAGE = YES_ERROR;
				CLANG_WARN_DOCUMENTATION_COMMENTS = YES;
				CLANG_WARN_EMPTY_BODY = YES;
				CLANG_WARN_ENUM_CONVERSION = YES;
				CLANG_WARN_INFINITE_RECURSION = YES;
				CLANG_WARN_INT_CONVERSION = YES;
				CLANG_WARN_NON_LITERAL_NULL_CONVERSION = YES;
				CLANG_WARN_OBJC_IMPLICIT_RETAIN_SELF = YES;
				CLANG_WARN_OBJC_LITERAL_CONVERSION = YES;
				CLANG_WARN_OBJC_ROOT_CLASS = YES_ERROR;
				CLANG_WARN_QUOTED_INCLUDE_IN_FRAMEWORK_HEADER = YES;
				CLANG_WARN_RANGE_LOOP_ANALYSIS = YES;
				CLANG_WARN_STRICT_PROTOTYPES = YES;
				CLANG_WARN_SUSPICIOUS_MOVE = YES;
				CLANG_WARN_UNGUARDED_AVAILABILITY = YES_AGGRESSIVE;
				CLANG_WARN_UNREACHABLE_CODE = YES;
				CLANG_WARN__DUPLICATE_METHOD_MATCH = YES;
				COPY_PHASE_STRIP = NO;
				DEBUG_INFORMATION_FORMAT = "dwarf-with-dsym";
				ENABLE_NS_ASSERTIONS = NO;
				ENABLE_STRICT_OBJC_MSGSEND = YES;
				GCC_C_LANGUAGE_STANDARD = gnu11;
				GCC_NO_COMMON_BLOCKS = YES;
				GCC_WARN_64_TO_32_BIT_CONVERSION = YES;
				GCC_WARN_ABOUT_RETURN_TYPE = YES_ERROR;
				GCC_WARN_UNDECLARED_SELECTOR = YES;
				GCC_WARN_UNINITIALIZED_AUTOS = YES_AGGRESSIVE;
				GCC_WARN_UNUSED_FUNCTION = YES;
				GCC_WARN_UNUSED_VARIABLE = YES;
				MACOSX_DEPLOYMENT_TARGET = 12.3;
				MTL_ENABLE_DEBUG_INFO = NO;
				MTL_FAST_MATH = YES;
				SDKROOT = macosx;
				SWIFT_COMPILATION_MODE = wholemodule;
				SWIFT_OPTIMIZATION_LEVEL = "-O";
			};
			name = Release;
		};
		2626BD272903D064001F1B0A /* Debug */ = {
			isa = XCBuildConfiguration;
			buildSettings = {
				CODE_SIGN_STYLE = Automatic;
				DEVELOPMENT_TEAM = 6HPVY63L4K;
				ENABLE_HARDENED_RUNTIME = YES;
				PRODUCT_NAME = "$(TARGET_NAME)";
				SWIFT_VERSION = 5.0;
			};
			name = Debug;
		};
		2626BD282903D064001F1B0A /* Release */ = {
			isa = XCBuildConfiguration;
			buildSettings = {
				CODE_SIGN_STYLE = Automatic;
				DEVELOPMENT_TEAM = 6HPVY63L4K;
				ENABLE_HARDENED_RUNTIME = YES;
				PRODUCT_NAME = "$(TARGET_NAME)";
				SWIFT_VERSION = 5.0;
			};
			name = Release;
		};
/* End XCBuildConfiguration section */

/* Begin XCConfigurationList section */
		2626BD1A2903D064001F1B0A /* Build configuration list for PBXProject "XcodeProjectAnalyzer" */ = {
			isa = XCConfigurationList;
			buildConfigurations = (
				2626BD242903D064001F1B0A /* Debug */,
				2626BD252903D064001F1B0A /* Release */,
			);
			defaultConfigurationIsVisible = 0;
			defaultConfigurationName = Release;
		};
		2626BD262903D064001F1B0A /* Build configuration list for PBXNativeTarget "XcodeProjectAnalyzer" */ = {
			isa = XCConfigurationList;
			buildConfigurations = (
				2626BD272903D064001F1B0A /* Debug */,
				2626BD282903D064001F1B0A /* Release */,
			);
			defaultConfigurationIsVisible = 0;
			defaultConfigurationName = Release;
		};
/* End XCConfigurationList section */
	};
	rootObject = 2626BD172903D064001F1B0A /* Project object */;
}
